
Microsoft Visual Studio Solution File, Format Version 12.00
# Visual Studio Version 16
VisualStudioVersion = 16.0.30503.244
MinimumVisualStudioVersion = 10.0.40219.1
Project("{FAE04EC0-301F-11D3-BF4B-00C04F79EFBC}") = "Guard.Bug.UWP", "Guard.Bug\Guard.Bug.UWP\Guard.Bug.UWP.csproj", "{56009B16-3AA9-49D6-B18F-EC82BCCD9B65}"
EndProject
Project("{FAE04EC0-301F-11D3-BF4B-00C04F79EFBC}") = "Guard.Bug.Android", "Guard.Bug\Guard.Bug.Android\Guard.Bug.Android.csproj", "{69F46D05-BF6F-4830-97E8-87EDDEFB0B93}"
EndProject
Project("{FAE04EC0-301F-11D3-BF4B-00C04F79EFBC}") = "Guard.Bug.iOS", "Guard.Bug\Guard.Bug.iOS\Guard.Bug.iOS.csproj", "{ED0CD36D-9DEC-4FD3-AEB3-A55677C5E553}"
EndProject
Project("{FAE04EC0-301F-11D3-BF4B-00C04F79EFBC}") = "Guard.Bug", "Guard.Bug\Guard.Bug\Guard.Bug.csproj", "{37F17F35-926B-4D35-8ACE-7B20207483B4}"
EndProject
Global
	GlobalSection(SolutionConfigurationPlatforms) = preSolution
		Debug|Any CPU = Debug|Any CPU
		Debug|ARM = Debug|ARM
		Debug|iPhone = Debug|iPhone
		Debug|iPhoneSimulator = Debug|iPhoneSimulator
		Debug|x64 = Debug|x64
		Debug|x86 = Debug|x86
		Release|Any CPU = Release|Any CPU
		Release|ARM = Release|ARM
		Release|iPhone = Release|iPhone
		Release|iPhoneSimulator = Release|iPhoneSimulator
		Release|x64 = Release|x64
		Release|x86 = Release|x86
	EndGlobalSection
	GlobalSection(ProjectConfigurationPlatforms) = postSolution
		{56009B16-3AA9-49D6-B18F-EC82BCCD9B65}.Debug|Any CPU.ActiveCfg = Debug|x86
		{56009B16-3AA9-49D6-B18F-EC82BCCD9B65}.Debug|Any CPU.Build.0 = Debug|x86
		{56009B16-3AA9-49D6-B18F-EC82BCCD9B65}.Debug|Any CPU.Deploy.0 = Debug|x86
		{56009B16-3AA9-49D6-B18F-EC82BCCD9B65}.Debug|ARM.ActiveCfg = Debug|ARM
		{56009B16-3AA9-49D6-B18F-EC82BCCD9B65}.Debug|ARM.Build.0 = Debug|ARM
		{56009B16-3AA9-49D6-B18F-EC82BCCD9B65}.Debug|ARM.Deploy.0 = Debug|ARM
		{56009B16-3AA9-49D6-B18F-EC82BCCD9B65}.Debug|iPhone.ActiveCfg = Debug|x86
		{56009B16-3AA9-49D6-B18F-EC82BCCD9B65}.Debug|iPhone.Build.0 = Debug|x86
		{56009B16-3AA9-49D6-B18F-EC82BCCD9B65}.Debug|iPhone.Deploy.0 = Debug|x86
		{56009B16-3AA9-49D6-B18F-EC82BCCD9B65}.Debug|iPhoneSimulator.ActiveCfg = Debug|x86
		{56009B16-3AA9-49D6-B18F-EC82BCCD9B65}.Debug|iPhoneSimulator.Build.0 = Debug|x86
		{56009B16-3AA9-49D6-B18F-EC82BCCD9B65}.Debug|iPhoneSimulator.Deploy.0 = Debug|x86
		{56009B16-3AA9-49D6-B18F-EC82BCCD9B65}.Debug|x64.ActiveCfg = Debug|x64
		{56009B16-3AA9-49D6-B18F-EC82BCCD9B65}.Debug|x64.Build.0 = Debug|x64
		{56009B16-3AA9-49D6-B18F-EC82BCCD9B65}.Debug|x64.Deploy.0 = Debug|x64
		{56009B16-3AA9-49D6-B18F-EC82BCCD9B65}.Debug|x86.ActiveCfg = Debug|x86
		{56009B16-3AA9-49D6-B18F-EC82BCCD9B65}.Debug|x86.Build.0 = Debug|x86
		{56009B16-3AA9-49D6-B18F-EC82BCCD9B65}.Debug|x86.Deploy.0 = Debug|x86
		{56009B16-3AA9-49D6-B18F-EC82BCCD9B65}.Release|Any CPU.ActiveCfg = Release|x86
		{56009B16-3AA9-49D6-B18F-EC82BCCD9B65}.Release|Any CPU.Build.0 = Release|x86
		{56009B16-3AA9-49D6-B18F-EC82BCCD9B65}.Release|Any CPU.Deploy.0 = Release|x86
		{56009B16-3AA9-49D6-B18F-EC82BCCD9B65}.Release|ARM.ActiveCfg = Release|ARM
		{56009B16-3AA9-49D6-B18F-EC82BCCD9B65}.Release|ARM.Build.0 = Release|ARM
		{56009B16-3AA9-49D6-B18F-EC82BCCD9B65}.Release|ARM.Deploy.0 = Release|ARM
		{56009B16-3AA9-49D6-B18F-EC82BCCD9B65}.Release|iPhone.ActiveCfg = Release|x86
		{56009B16-3AA9-49D6-B18F-EC82BCCD9B65}.Release|iPhone.Build.0 = Release|x86
		{56009B16-3AA9-49D6-B18F-EC82BCCD9B65}.Release|iPhone.Deploy.0 = Release|x86
		{56009B16-3AA9-49D6-B18F-EC82BCCD9B65}.Release|iPhoneSimulator.ActiveCfg = Release|x86
		{56009B16-3AA9-49D6-B18F-EC82BCCD9B65}.Release|iPhoneSimulator.Build.0 = Release|x86
		{56009B16-3AA9-49D6-B18F-EC82BCCD9B65}.Release|iPhoneSimulator.Deploy.0 = Release|x86
		{56009B16-3AA9-49D6-B18F-EC82BCCD9B65}.Release|x64.ActiveCfg = Release|x64
		{56009B16-3AA9-49D6-B18F-EC82BCCD9B65}.Release|x64.Build.0 = Release|x64
		{56009B16-3AA9-49D6-B18F-EC82BCCD9B65}.Release|x64.Deploy.0 = Release|x64
		{56009B16-3AA9-49D6-B18F-EC82BCCD9B65}.Release|x86.ActiveCfg = Release|x86
		{56009B16-3AA9-49D6-B18F-EC82BCCD9B65}.Release|x86.Build.0 = Release|x86
		{56009B16-3AA9-49D6-B18F-EC82BCCD9B65}.Release|x86.Deploy.0 = Release|x86
		{69F46D05-BF6F-4830-97E8-87EDDEFB0B93}.Debug|Any CPU.ActiveCfg = Debug|Any CPU
		{69F46D05-BF6F-4830-97E8-87EDDEFB0B93}.Debug|Any CPU.Build.0 = Debug|Any CPU
		{69F46D05-BF6F-4830-97E8-87EDDEFB0B93}.Debug|Any CPU.Deploy.0 = Debug|Any CPU
		{69F46D05-BF6F-4830-97E8-87EDDEFB0B93}.Debug|ARM.ActiveCfg = Debug|Any CPU
		{69F46D05-BF6F-4830-97E8-87EDDEFB0B93}.Debug|ARM.Build.0 = Debug|Any CPU
		{69F46D05-BF6F-4830-97E8-87EDDEFB0B93}.Debug|ARM.Deploy.0 = Debug|Any CPU
		{69F46D05-BF6F-4830-97E8-87EDDEFB0B93}.Debug|iPhone.ActiveCfg = Debug|Any CPU
		{69F46D05-BF6F-4830-97E8-87EDDEFB0B93}.Debug|iPhone.Build.0 = Debug|Any CPU
		{69F46D05-BF6F-4830-97E8-87EDDEFB0B93}.Debug|iPhone.Deploy.0 = Debug|Any CPU
		{69F46D05-BF6F-4830-97E8-87EDDEFB0B93}.Debug|iPhoneSimulator.ActiveCfg = Debug|Any CPU
		{69F46D05-BF6F-4830-97E8-87EDDEFB0B93}.Debug|iPhoneSimulator.Build.0 = Debug|Any CPU
		{69F46D05-BF6F-4830-97E8-87EDDEFB0B93}.Debug|iPhoneSimulator.Deploy.0 = Debug|Any CPU
		{69F46D05-BF6F-4830-97E8-87EDDEFB0B93}.Debug|x64.ActiveCfg = Debug|Any CPU
		{69F46D05-BF6F-4830-97E8-87EDDEFB0B93}.Debug|x64.Build.0 = Debug|Any CPU
		{69F46D05-BF6F-4830-97E8-87EDDEFB0B93}.Debug|x64.Deploy.0 = Debug|Any CPU
		{69F46D05-BF6F-4830-97E8-87EDDEFB0B93}.Debug|x86.ActiveCfg = Debug|Any CPU
		{69F46D05-BF6F-4830-97E8-87EDDEFB0B93}.Debug|x86.Build.0 = Debug|Any CPU
		{69F46D05-BF6F-4830-97E8-87EDDEFB0B93}.Debug|x86.Deploy.0 = Debug|Any CPU
		{69F46D05-BF6F-4830-97E8-87EDDEFB0B93}.Release|Any CPU.ActiveCfg = Release|Any CPU
		{69F46D05-BF6F-4830-97E8-87EDDEFB0B93}.Release|Any CPU.Build.0 = Release|Any CPU
		{69F46D05-BF6F-4830-97E8-87EDDEFB0B93}.Release|Any CPU.Deploy.0 = Release|Any CPU
		{69F46D05-BF6F-4830-97E8-87EDDEFB0B93}.Release|ARM.ActiveCfg = Release|Any CPU
		{69F46D05-BF6F-4830-97E8-87EDDEFB0B93}.Release|ARM.Build.0 = Release|Any CPU
		{69F46D05-BF6F-4830-97E8-87EDDEFB0B93}.Release|ARM.Deploy.0 = Release|Any CPU
		{69F46D05-BF6F-4830-97E8-87EDDEFB0B93}.Release|iPhone.ActiveCfg = Release|Any CPU
		{69F46D05-BF6F-4830-97E8-87EDDEFB0B93}.Release|iPhone.Build.0 = Release|Any CPU
		{69F46D05-BF6F-4830-97E8-87EDDEFB0B93}.Release|iPhone.Deploy.0 = Release|Any CPU
		{69F46D05-BF6F-4830-97E8-87EDDEFB0B93}.Release|iPhoneSimulator.ActiveCfg = Release|Any CPU
		{69F46D05-BF6F-4830-97E8-87EDDEFB0B93}.Release|iPhoneSimulator.Build.0 = Release|Any CPU
		{69F46D05-BF6F-4830-97E8-87EDDEFB0B93}.Release|iPhoneSimulator.Deploy.0 = Release|Any CPU
		{69F46D05-BF6F-4830-97E8-87EDDEFB0B93}.Release|x64.ActiveCfg = Release|Any CPU
		{69F46D05-BF6F-4830-97E8-87EDDEFB0B93}.Release|x64.Build.0 = Release|Any CPU
		{69F46D05-BF6F-4830-97E8-87EDDEFB0B93}.Release|x64.Deploy.0 = Release|Any CPU
		{69F46D05-BF6F-4830-97E8-87EDDEFB0B93}.Release|x86.ActiveCfg = Release|Any CPU
		{69F46D05-BF6F-4830-97E8-87EDDEFB0B93}.Release|x86.Build.0 = Release|Any CPU
		{69F46D05-BF6F-4830-97E8-87EDDEFB0B93}.Release|x86.Deploy.0 = Release|Any CPU
		{ED0CD36D-9DEC-4FD3-AEB3-A55677C5E553}.Debug|Any CPU.ActiveCfg = Debug|iPhoneSimulator
		{ED0CD36D-9DEC-4FD3-AEB3-A55677C5E553}.Debug|Any CPU.Build.0 = Debug|iPhoneSimulator
		{ED0CD36D-9DEC-4FD3-AEB3-A55677C5E553}.Debug|Any CPU.Deploy.0 = Debug|iPhoneSimulator
		{ED0CD36D-9DEC-4FD3-AEB3-A55677C5E553}.Debug|ARM.ActiveCfg = Debug|iPhone
		{ED0CD36D-9DEC-4FD3-AEB3-A55677C5E553}.Debug|ARM.Build.0 = Debug|iPhone
		{ED0CD36D-9DEC-4FD3-AEB3-A55677C5E553}.Debug|ARM.Deploy.0 = Debug|iPhone
		{ED0CD36D-9DEC-4FD3-AEB3-A55677C5E553}.Debug|iPhone.ActiveCfg = Debug|iPhone
		{ED0CD36D-9DEC-4FD3-AEB3-A55677C5E553}.Debug|iPhone.Build.0 = Debug|iPhone
		{ED0CD36D-9DEC-4FD3-AEB3-A55677C5E553}.Debug|iPhone.Deploy.0 = Debug|iPhone
		{ED0CD36D-9DEC-4FD3-AEB3-A55677C5E553}.Debug|iPhoneSimulator.ActiveCfg = Debug|iPhoneSimulator
		{ED0CD36D-9DEC-4FD3-AEB3-A55677C5E553}.Debug|iPhoneSimulator.Build.0 = Debug|iPhoneSimulator
		{ED0CD36D-9DEC-4FD3-AEB3-A55677C5E553}.Debug|iPhoneSimulator.Deploy.0 = Debug|iPhoneSimulator
		{ED0CD36D-9DEC-4FD3-AEB3-A55677C5E553}.Debug|x64.ActiveCfg = Debug|iPhoneSimulator
		{ED0CD36D-9DEC-4FD3-AEB3-A55677C5E553}.Debug|x64.Build.0 = Debug|iPhoneSimulator
		{ED0CD36D-9DEC-4FD3-AEB3-A55677C5E553}.Debug|x64.Deploy.0 = Debug|iPhoneSimulator
		{ED0CD36D-9DEC-4FD3-AEB3-A55677C5E553}.Debug|x86.ActiveCfg = Debug|iPhoneSimulator
		{ED0CD36D-9DEC-4FD3-AEB3-A55677C5E553}.Debug|x86.Build.0 = Debug|iPhoneSimulator
		{ED0CD36D-9DEC-4FD3-AEB3-A55677C5E553}.Debug|x86.Deploy.0 = Debug|iPhoneSimulator
		{ED0CD36D-9DEC-4FD3-AEB3-A55677C5E553}.Release|Any CPU.ActiveCfg = Release|iPhoneSimulator
		{ED0CD36D-9DEC-4FD3-AEB3-A55677C5E553}.Release|Any CPU.Build.0 = Release|iPhoneSimulator
		{ED0CD36D-9DEC-4FD3-AEB3-A55677C5E553}.Release|Any CPU.Deploy.0 = Release|iPhoneSimulator
		{ED0CD36D-9DEC-4FD3-AEB3-A55677C5E553}.Release|ARM.ActiveCfg = Release|iPhoneSimulator
		{ED0CD36D-9DEC-4FD3-AEB3-A55677C5E553}.Release|ARM.Build.0 = Release|iPhoneSimulator
		{ED0CD36D-9DEC-4FD3-AEB3-A55677C5E553}.Release|ARM.Deploy.0 = Release|iPhoneSimulator
		{ED0CD36D-9DEC-4FD3-AEB3-A55677C5E553}.Release|iPhone.ActiveCfg = Release|iPhone
		{ED0CD36D-9DEC-4FD3-AEB3-A55677C5E553}.Release|iPhone.Build.0 = Release|iPhone
		{ED0CD36D-9DEC-4FD3-AEB3-A55677C5E553}.Release|iPhone.Deploy.0 = Release|iPhone
		{ED0CD36D-9DEC-4FD3-AEB3-A55677C5E553}.Release|iPhoneSimulator.ActiveCfg = Release|iPhoneSimulator
		{ED0CD36D-9DEC-4FD3-AEB3-A55677C5E553}.Release|iPhoneSimulator.Build.0 = Release|iPhoneSimulator
		{ED0CD36D-9DEC-4FD3-AEB3-A55677C5E553}.Release|iPhoneSimulator.Deploy.0 = Release|iPhoneSimulator
		{ED0CD36D-9DEC-4FD3-AEB3-A55677C5E553}.Release|x64.ActiveCfg = Release|iPhoneSimulator
		{ED0CD36D-9DEC-4FD3-AEB3-A55677C5E553}.Release|x64.Build.0 = Release|iPhoneSimulator
		{ED0CD36D-9DEC-4FD3-AEB3-A55677C5E553}.Release|x64.Deploy.0 = Release|iPhoneSimulator
		{ED0CD36D-9DEC-4FD3-AEB3-A55677C5E553}.Release|x86.ActiveCfg = Release|iPhoneSimulator
		{ED0CD36D-9DEC-4FD3-AEB3-A55677C5E553}.Release|x86.Build.0 = Release|iPhoneSimulator
		{ED0CD36D-9DEC-4FD3-AEB3-A55677C5E553}.Release|x86.Deploy.0 = Release|iPhoneSimulator
		{37F17F35-926B-4D35-8ACE-7B20207483B4}.Debug|Any CPU.ActiveCfg = Debug|Any CPU
		{37F17F35-926B-4D35-8ACE-7B20207483B4}.Debug|Any CPU.Build.0 = Debug|Any CPU
		{37F17F35-926B-4D35-8ACE-7B20207483B4}.Debug|Any CPU.Deploy.0 = Debug|Any CPU
		{37F17F35-926B-4D35-8ACE-7B20207483B4}.Debug|ARM.ActiveCfg = Debug|Any CPU
		{37F17F35-926B-4D35-8ACE-7B20207483B4}.Debug|ARM.Build.0 = Debug|Any CPU
		{37F17F35-926B-4D35-8ACE-7B20207483B4}.Debug|ARM.Deploy.0 = Debug|Any CPU
		{37F17F35-926B-4D35-8ACE-7B20207483B4}.Debug|iPhone.ActiveCfg = Debug|Any CPU
		{37F17F35-926B-4D35-8ACE-7B20207483B4}.Debug|iPhone.Build.0 = Debug|Any CPU
		{37F17F35-926B-4D35-8ACE-7B20207483B4}.Debug|iPhone.Deploy.0 = Debug|Any CPU
		{37F17F35-926B-4D35-8ACE-7B20207483B4}.Debug|iPhoneSimulator.ActiveCfg = Debug|Any CPU
		{37F17F35-926B-4D35-8ACE-7B20207483B4}.Debug|iPhoneSimulator.Build.0 = Debug|Any CPU
		{37F17F35-926B-4D35-8ACE-7B20207483B4}.Debug|iPhoneSimulator.Deploy.0 = Debug|Any CPU
		{37F17F35-926B-4D35-8ACE-7B20207483B4}.Debug|x64.ActiveCfg = Debug|Any CPU
		{37F17F35-926B-4D35-8ACE-7B20207483B4}.Debug|x64.Build.0 = Debug|Any CPU
		{37F17F35-926B-4D35-8ACE-7B20207483B4}.Debug|x64.Deploy.0 = Debug|Any CPU
		{37F17F35-926B-4D35-8ACE-7B20207483B4}.Debug|x86.ActiveCfg = Debug|Any CPU
		{37F17F35-926B-4D35-8ACE-7B20207483B4}.Debug|x86.Build.0 = Debug|Any CPU
		{37F17F35-926B-4D35-8ACE-7B20207483B4}.Debug|x86.Deploy.0 = Debug|Any CPU
		{37F17F35-926B-4D35-8ACE-7B20207483B4}.Release|Any CPU.ActiveCfg = Release|Any CPU
		{37F17F35-926B-4D35-8ACE-7B20207483B4}.Release|Any CPU.Build.0 = Release|Any CPU
		{37F17F35-926B-4D35-8ACE-7B20207483B4}.Release|Any CPU.Deploy.0 = Release|Any CPU
		{37F17F35-926B-4D35-8ACE-7B20207483B4}.Release|ARM.ActiveCfg = Release|Any CPU
		{37F17F35-926B-4D35-8ACE-7B20207483B4}.Release|ARM.Build.0 = Release|Any CPU
		{37F17F35-926B-4D35-8ACE-7B20207483B4}.Release|ARM.Deploy.0 = Release|Any CPU
		{37F17F35-926B-4D35-8ACE-7B20207483B4}.Release|iPhone.ActiveCfg = Release|Any CPU
		{37F17F35-926B-4D35-8ACE-7B20207483B4}.Release|iPhone.Build.0 = Release|Any CPU
		{37F17F35-926B-4D35-8ACE-7B20207483B4}.Release|iPhone.Deploy.0 = Release|Any CPU
		{37F17F35-926B-4D35-8ACE-7B20207483B4}.Release|iPhoneSimulator.ActiveCfg = Release|Any CPU
		{37F17F35-926B-4D35-8ACE-7B20207483B4}.Release|iPhoneSimulator.Build.0 = Release|Any CPU
		{37F17F35-926B-4D35-8ACE-7B20207483B4}.Release|iPhoneSimulator.Deploy.0 = Release|Any CPU
		{37F17F35-926B-4D35-8ACE-7B20207483B4}.Release|x64.ActiveCfg = Release|Any CPU
		{37F17F35-926B-4D35-8ACE-7B20207483B4}.Release|x64.Build.0 = Release|Any CPU
		{37F17F35-926B-4D35-8ACE-7B20207483B4}.Release|x64.Deploy.0 = Release|Any CPU
		{37F17F35-926B-4D35-8ACE-7B20207483B4}.Release|x86.ActiveCfg = Release|Any CPU
		{37F17F35-926B-4D35-8ACE-7B20207483B4}.Release|x86.Build.0 = Release|Any CPU
		{37F17F35-926B-4D35-8ACE-7B20207483B4}.Release|x86.Deploy.0 = Release|Any CPU
	EndGlobalSection
	GlobalSection(SolutionProperties) = preSolution
		HideSolutionNode = FALSE
	EndGlobalSection
	GlobalSection(ExtensibilityGlobals) = postSolution
		SolutionGuid = {ED1A587E-D506-4A7B-9C43-4DE26FA0794B}
	EndGlobalSection
EndGlobal
